
Microsoft Visual Studio Solution File, Format Version 12.00
# Visual Studio Version 17
VisualStudioVersion = 17.1.32421.90
MinimumVisualStudioVersion = 10.0.40219.1
Project("{FAE04EC0-301F-11D3-BF4B-00C04F79EFBC}") = "PotioneerL", "PotioneerL\PotioneerL.csproj", "{CE1286EE-0833-4FB4-9E28-8DCB4C5AB1E1}"
EndProject
Project("{FAE04EC0-301F-11D3-BF4B-00C04F79EFBC}") = "Poti", "Poti\Poti.csproj", "{BB6290B3-D64F-4F90-ABD7-F5FDDF8E22A3}"
EndProject
Global
	GlobalSection(SolutionConfigurationPlatforms) = preSolution
		Debug|Any CPU = Debug|Any CPU
		Release|Any CPU = Release|Any CPU
	EndGlobalSection
	GlobalSection(ProjectConfigurationPlatforms) = postSolution
		{CE1286EE-0833-4FB4-9E28-8DCB4C5AB1E1}.Debug|Any CPU.ActiveCfg = Debug|Any CPU
		{CE1286EE-0833-4FB4-9E28-8DCB4C5AB1E1}.Debug|Any CPU.Build.0 = Debug|Any CPU
		{CE1286EE-0833-4FB4-9E28-8DCB4C5AB1E1}.Release|Any CPU.ActiveCfg = Release|Any CPU
		{CE1286EE-0833-4FB4-9E28-8DCB4C5AB1E1}.Release|Any CPU.Build.0 = Release|Any CPU
		{BB6290B3-D64F-4F90-ABD7-F5FDDF8E22A3}.Debug|Any CPU.ActiveCfg = Debug|Any CPU
		{BB6290B3-D64F-4F90-ABD7-F5FDDF8E22A3}.Debug|Any CPU.Build.0 = Debug|Any CPU
		{BB6290B3-D64F-4F90-ABD7-F5FDDF8E22A3}.Release|Any CPU.ActiveCfg = Release|Any CPU
		{BB6290B3-D64F-4F90-ABD7-F5FDDF8E22A3}.Release|Any CPU.Build.0 = Release|Any CPU
	EndGlobalSection
	GlobalSection(SolutionProperties) = preSolution
		HideSolutionNode = FALSE
	EndGlobalSection
	GlobalSection(ExtensibilityGlobals) = postSolution
		SolutionGuid = {9B976913-0BE0-4A47-AC36-42047B461D48}
	EndGlobalSection
EndGlobal
